// !$*UTF8*$!
{
	archiveVersion = 1;
	classes = {
	};
	objectVersion = 50;
	objects = {

/* Begin PBXBuildFile section */
		9D1937F82106899A007EE5EC /* AppDelegate.swift in Sources */ = {isa = PBXBuildFile; fileRef = 9D1937F72106899A007EE5EC /* AppDelegate.swift */; };
		9D1937FA2106899A007EE5EC /* ViewController.swift in Sources */ = {isa = PBXBuildFile; fileRef = 9D1937F92106899A007EE5EC /* ViewController.swift */; };
		9D1937FD2106899A007EE5EC /* Main.storyboard in Resources */ = {isa = PBXBuildFile; fileRef = 9D1937FB2106899A007EE5EC /* Main.storyboard */; };
		9D1937FF2106899B007EE5EC /* Assets.xcassets in Resources */ = {isa = PBXBuildFile; fileRef = 9D1937FE2106899B007EE5EC /* Assets.xcassets */; };
		9D1938022106899B007EE5EC /* LaunchScreen.storyboard in Resources */ = {isa = PBXBuildFile; fileRef = 9D1938002106899B007EE5EC /* LaunchScreen.storyboard */; };
		9D19380D2106899B007EE5EC /* CrushTests.swift in Sources */ = {isa = PBXBuildFile; fileRef = 9D19380C2106899B007EE5EC /* CrushTests.swift */; };
		9D1938182106899B007EE5EC /* CrushUITests.swift in Sources */ = {isa = PBXBuildFile; fileRef = 9D1938172106899B007EE5EC /* CrushUITests.swift */; };
/* End PBXBuildFile section */

/* Begin PBXContainerItemProxy section */
		9D1938092106899B007EE5EC /* PBXContainerItemProxy */ = {
			isa = PBXContainerItemProxy;
			containerPortal = 9D1937EC2106899A007EE5EC /* Project object */;
			proxyType = 1;
			remoteGlobalIDString = 9D1937F32106899A007EE5EC;
			remoteInfo = Crush;
		};
		9D1938142106899B007EE5EC /* PBXContainerItemProxy */ = {
			isa = PBXContainerItemProxy;
			containerPortal = 9D1937EC2106899A007EE5EC /* Project object */;
			proxyType = 1;
			remoteGlobalIDString = 9D1937F32106899A007EE5EC;
			remoteInfo = Crush;
		};
/* End PBXContainerItemProxy section */

/* Begin PBXFileReference section */
		9D1937F42106899A007EE5EC /* Crush.app */ = {isa = PBXFileReference; explicitFileType = wrapper.application; includeInIndex = 0; path = Crush.app; sourceTree = BUILT_PRODUCTS_DIR; };
		9D1937F72106899A007EE5EC /* AppDelegate.swift */ = {isa = PBXFileReference; lastKnownFileType = sourcecode.swift; path = AppDelegate.swift; sourceTree = "<group>"; };
		9D1937F92106899A007EE5EC /* ViewController.swift */ = {isa = PBXFileReference; lastKnownFileType = sourcecode.swift; path = ViewController.swift; sourceTree = "<group>"; };
		9D1937FC2106899A007EE5EC /* Base */ = {isa = PBXFileReference; lastKnownFileType = file.storyboard; name = Base; path = Base.lproj/Main.storyboard; sourceTree = "<group>"; };
		9D1937FE2106899B007EE5EC /* Assets.xcassets */ = {isa = PBXFileReference; lastKnownFileType = folder.assetcatalog; path = Assets.xcassets; sourceTree = "<group>"; };
		9D1938012106899B007EE5EC /* Base */ = {isa = PBXFileReference; lastKnownFileType = file.storyboard; name = Base; path = Base.lproj/LaunchScreen.storyboard; sourceTree = "<group>"; };
		9D1938032106899B007EE5EC /* Info.plist */ = {isa = PBXFileReference; lastKnownFileType = text.plist.xml; path = Info.plist; sourceTree = "<group>"; };
		9D1938082106899B007EE5EC /* CrushTests.xctest */ = {isa = PBXFileReference; explicitFileType = wrapper.cfbundle; includeInIndex = 0; path = CrushTests.xctest; sourceTree = BUILT_PRODUCTS_DIR; };
		9D19380C2106899B007EE5EC /* CrushTests.swift */ = {isa = PBXFileReference; lastKnownFileType = sourcecode.swift; path = CrushTests.swift; sourceTree = "<group>"; };
		9D19380E2106899B007EE5EC /* Info.plist */ = {isa = PBXFileReference; lastKnownFileType = text.plist.xml; path = Info.plist; sourceTree = "<group>"; };
		9D1938132106899B007EE5EC /* CrushUITests.xctest */ = {isa = PBXFileReference; explicitFileType = wrapper.cfbundle; includeInIndex = 0; path = CrushUITests.xctest; sourceTree = BUILT_PRODUCTS_DIR; };
		9D1938172106899B007EE5EC /* CrushUITests.swift */ = {isa = PBXFileReference; lastKnownFileType = sourcecode.swift; path = CrushUITests.swift; sourceTree = "<group>"; };
		9D1938192106899C007EE5EC /* Info.plist */ = {isa = PBXFileReference; lastKnownFileType = text.plist.xml; path = Info.plist; sourceTree = "<group>"; };
/* End PBXFileReference section */

/* Begin PBXFrameworksBuildPhase section */
		9D1937F12106899A007EE5EC /* Frameworks */ = {
			isa = PBXFrameworksBuildPhase;
			buildActionMask = 2147483647;
			files = (
			);
			runOnlyForDeploymentPostprocessing = 0;
		};
		9D1938052106899B007EE5EC /* Frameworks */ = {
			isa = PBXFrameworksBuildPhase;
			buildActionMask = 2147483647;
			files = (
			);
			runOnlyForDeploymentPostprocessing = 0;
		};
		9D1938102106899B007EE5EC /* Frameworks */ = {
			isa = PBXFrameworksBuildPhase;
			buildActionMask = 2147483647;
			files = (
			);
			runOnlyForDeploymentPostprocessing = 0;
		};
/* End PBXFrameworksBuildPhase section */

/* Begin PBXGroup section */
		9D1937EB2106899A007EE5EC = {
			isa = PBXGroup;
			children = (
				9D1937F62106899A007EE5EC /* Crush */,
				9D19380B2106899B007EE5EC /* CrushTests */,
				9D1938162106899B007EE5EC /* CrushUITests */,
				9D1937F52106899A007EE5EC /* Products */,
			);
			sourceTree = "<group>";
		};
		9D1937F52106899A007EE5EC /* Products */ = {
			isa = PBXGroup;
			children = (
				9D1937F42106899A007EE5EC /* Crush.app */,
				9D1938082106899B007EE5EC /* CrushTests.xctest */,
				9D1938132106899B007EE5EC /* CrushUITests.xctest */,
			);
			name = Products;
			sourceTree = "<group>";
		};
		9D1937F62106899A007EE5EC /* Crush */ = {
			isa = PBXGroup;
			children = (
				9D1937F72106899A007EE5EC /* AppDelegate.swift */,
				9D1937F92106899A007EE5EC /* ViewController.swift */,
				9D1937FB2106899A007EE5EC /* Main.storyboard */,
				9D1937FE2106899B007EE5EC /* Assets.xcassets */,
				9D1938002106899B007EE5EC /* LaunchScreen.storyboard */,
				9D1938032106899B007EE5EC /* Info.plist */,
			);
			path = Crush;
			sourceTree = "<group>";
		};
		9D19380B2106899B007EE5EC /* CrushTests */ = {
			isa = PBXGroup;
			children = (
				9D19380C2106899B007EE5EC /* CrushTests.swift */,
				9D19380E2106899B007EE5EC /* Info.plist */,
			);
			path = CrushTests;
			sourceTree = "<group>";
		};
		9D1938162106899B007EE5EC /* CrushUITests */ = {
			isa = PBXGroup;
			children = (
				9D1938172106899B007EE5EC /* CrushUITests.swift */,
				9D1938192106899C007EE5EC /* Info.plist */,
			);
			path = CrushUITests;
			sourceTree = "<group>";
		};
/* End PBXGroup section */

/* Begin PBXNativeTarget section */
		9D1937F32106899A007EE5EC /* Crush */ = {
			isa = PBXNativeTarget;
			buildConfigurationList = 9D19381C2106899C007EE5EC /* Build configuration list for PBXNativeTarget "Crush" */;
			buildPhases = (
				9D1937F02106899A007EE5EC /* Sources */,
				9D1937F12106899A007EE5EC /* Frameworks */,
				9D1937F22106899A007EE5EC /* Resources */,
			);
			buildRules = (
			);
			dependencies = (
			);
			name = Crush;
			productName = Crush;
			productReference = 9D1937F42106899A007EE5EC /* Crush.app */;
			productType = "com.apple.product-type.application";
		};
		9D1938072106899B007EE5EC /* CrushTests */ = {
			isa = PBXNativeTarget;
			buildConfigurationList = 9D19381F2106899C007EE5EC /* Build configuration list for PBXNativeTarget "CrushTests" */;
			buildPhases = (
				9D1938042106899B007EE5EC /* Sources */,
				9D1938052106899B007EE5EC /* Frameworks */,
				9D1938062106899B007EE5EC /* Resources */,
			);
			buildRules = (
			);
			dependencies = (
				9D19380A2106899B007EE5EC /* PBXTargetDependency */,
			);
			name = CrushTests;
			productName = CrushTests;
			productReference = 9D1938082106899B007EE5EC /* CrushTests.xctest */;
			productType = "com.apple.product-type.bundle.unit-test";
		};
		9D1938122106899B007EE5EC /* CrushUITests */ = {
			isa = PBXNativeTarget;
			buildConfigurationList = 9D1938222106899C007EE5EC /* Build configuration list for PBXNativeTarget "CrushUITests" */;
			buildPhases = (
				9D19380F2106899B007EE5EC /* Sources */,
				9D1938102106899B007EE5EC /* Frameworks */,
				9D1938112106899B007EE5EC /* Resources */,
			);
			buildRules = (
			);
			dependencies = (
				9D1938152106899B007EE5EC /* PBXTargetDependency */,
			);
			name = CrushUITests;
			productName = CrushUITests;
			productReference = 9D1938132106899B007EE5EC /* CrushUITests.xctest */;
			productType = "com.apple.product-type.bundle.ui-testing";
		};
/* End PBXNativeTarget section */

/* Begin PBXProject section */
		9D1937EC2106899A007EE5EC /* Project object */ = {
			isa = PBXProject;
			attributes = {
				LastSwiftUpdateCheck = 0940;
				LastUpgradeCheck = 0940;
				ORGANIZATIONNAME = "Ruhsane Sawut";
				TargetAttributes = {
					9D1937F32106899A007EE5EC = {
						CreatedOnToolsVersion = 9.4.1;
					};
					9D1938072106899B007EE5EC = {
						CreatedOnToolsVersion = 9.4.1;
						TestTargetID = 9D1937F32106899A007EE5EC;
					};
					9D1938122106899B007EE5EC = {
						CreatedOnToolsVersion = 9.4.1;
						TestTargetID = 9D1937F32106899A007EE5EC;
					};
				};
			};
			buildConfigurationList = 9D1937EF2106899A007EE5EC /* Build configuration list for PBXProject "Crush" */;
			compatibilityVersion = "Xcode 9.3";
			developmentRegion = en;
			hasScannedForEncodings = 0;
			knownRegions = (
				en,
				Base,
			);
			mainGroup = 9D1937EB2106899A007EE5EC;
			productRefGroup = 9D1937F52106899A007EE5EC /* Products */;
			projectDirPath = "";
			projectRoot = "";
			targets = (
				9D1937F32106899A007EE5EC /* Crush */,
				9D1938072106899B007EE5EC /* CrushTests */,
				9D1938122106899B007EE5EC /* CrushUITests */,
			);
		};
/* End PBXProject section */

/* Begin PBXResourcesBuildPhase section */
		9D1937F22106899A007EE5EC /* Resources */ = {
			isa = PBXResourcesBuildPhase;
			buildActionMask = 2147483647;
			files = (
				9D1938022106899B007EE5EC /* LaunchScreen.storyboard in Resources */,
				9D1937FF2106899B007EE5EC /* Assets.xcassets in Resources */,
				9D1937FD2106899A007EE5EC /* Main.storyboard in Resources */,
			);
			runOnlyForDeploymentPostprocessing = 0;
		};
		9D1938062106899B007EE5EC /* Resources */ = {
			isa = PBXResourcesBuildPhase;
			buildActionMask = 2147483647;
			files = (
			);
			runOnlyForDeploymentPostprocessing = 0;
		};
		9D1938112106899B007EE5EC /* Resources */ = {
			isa = PBXResourcesBuildPhase;
			buildActionMask = 2147483647;
			files = (
			);
			runOnlyForDeploymentPostprocessing = 0;
		};
/* End PBXResourcesBuildPhase section */

/* Begin PBXSourcesBuildPhase section */
		9D1937F02106899A007EE5EC /* Sources */ = {
			isa = PBXSourcesBuildPhase;
			buildActionMask = 2147483647;
			files = (
				9D1937FA2106899A007EE5EC /* ViewController.swift in Sources */,
				9D1937F82106899A007EE5EC /* AppDelegate.swift in Sources */,
			);
			runOnlyForDeploymentPostprocessing = 0;
		};
		9D1938042106899B007EE5EC /* Sources */ = {
			isa = PBXSourcesBuildPhase;
			buildActionMask = 2147483647;
			files = (
				9D19380D2106899B007EE5EC /* CrushTests.swift in Sources */,
			);
			runOnlyForDeploymentPostprocessing = 0;
		};
		9D19380F2106899B007EE5EC /* Sources */ = {
			isa = PBXSourcesBuildPhase;
			buildActionMask = 2147483647;
			files = (
				9D1938182106899B007EE5EC /* CrushUITests.swift in Sources */,
			);
			runOnlyForDeploymentPostprocessing = 0;
		};
/* End PBXSourcesBuildPhase section */

/* Begin PBXTargetDependency section */
		9D19380A2106899B007EE5EC /* PBXTargetDependency */ = {
			isa = PBXTargetDependency;
			target = 9D1937F32106899A007EE5EC /* Crush */;
			targetProxy = 9D1938092106899B007EE5EC /* PBXContainerItemProxy */;
		};
		9D1938152106899B007EE5EC /* PBXTargetDependency */ = {
			isa = PBXTargetDependency;
			target = 9D1937F32106899A007EE5EC /* Crush */;
			targetProxy = 9D1938142106899B007EE5EC /* PBXContainerItemProxy */;
		};
/* End PBXTargetDependency section */

/* Begin PBXVariantGroup section */
		9D1937FB2106899A007EE5EC /* Main.storyboard */ = {
			isa = PBXVariantGroup;
			children = (
				9D1937FC2106899A007EE5EC /* Base */,
			);
			name = Main.storyboard;
			sourceTree = "<group>";
		};
		9D1938002106899B007EE5EC /* LaunchScreen.storyboard */ = {
			isa = PBXVariantGroup;
			children = (
				9D1938012106899B007EE5EC /* Base */,
			);
			name = LaunchScreen.storyboard;
			sourceTree = "<group>";
		};
/* End PBXVariantGroup section */

/* Begin XCBuildConfiguration section */
		9D19381A2106899C007EE5EC /* Debug */ = {
			isa = XCBuildConfiguration;
			buildSettings = {
				ALWAYS_SEARCH_USER_PATHS = NO;
				CLANG_ANALYZER_NONNULL = YES;
				CLANG_ANALYZER_NUMBER_OBJECT_CONVERSION = YES_AGGRESSIVE;
				CLANG_CXX_LANGUAGE_STANDARD = "gnu++14";
				CLANG_CXX_LIBRARY = "libc++";
				CLANG_ENABLE_MODULES = YES;
				CLANG_ENABLE_OBJC_ARC = YES;
				CLANG_ENABLE_OBJC_WEAK = YES;
				CLANG_WARN_BLOCK_CAPTURE_AUTORELEASING = YES;
				CLANG_WARN_BOOL_CONVERSION = YES;
				CLANG_WARN_COMMA = YES;
				CLANG_WARN_CONSTANT_CONVERSION = YES;
				CLANG_WARN_DEPRECATED_OBJC_IMPLEMENTATIONS = YES;
				CLANG_WARN_DIRECT_OBJC_ISA_USAGE = YES_ERROR;
				CLANG_WARN_DOCUMENTATION_COMMENTS = YES;
				CLANG_WARN_EMPTY_BODY = YES;
				CLANG_WARN_ENUM_CONVERSION = YES;
				CLANG_WARN_INFINITE_RECURSION = YES;
				CLANG_WARN_INT_CONVERSION = YES;
				CLANG_WARN_NON_LITERAL_NULL_CONVERSION = YES;
				CLANG_WARN_OBJC_IMPLICIT_RETAIN_SELF = YES;
				CLANG_WARN_OBJC_LITERAL_CONVERSION = YES;
				CLANG_WARN_OBJC_ROOT_CLASS = YES_ERROR;
				CLANG_WARN_RANGE_LOOP_ANALYSIS = YES;
				CLANG_WARN_STRICT_PROTOTYPES = YES;
				CLANG_WARN_SUSPICIOUS_MOVE = YES;
				CLANG_WARN_UNGUARDED_AVAILABILITY = YES_AGGRESSIVE;
				CLANG_WARN_UNREACHABLE_CODE = YES;
				CLANG_WARN__DUPLICATE_METHOD_MATCH = YES;
				CODE_SIGN_IDENTITY = "iPhone Developer";
				COPY_PHASE_STRIP = NO;
				DEBUG_INFORMATION_FORMAT = dwarf;
				ENABLE_STRICT_OBJC_MSGSEND = YES;
				ENABLE_TESTABILITY = YES;
				GCC_C_LANGUAGE_STANDARD = gnu11;
				GCC_DYNAMIC_NO_PIC = NO;
				GCC_NO_COMMON_BLOCKS = YES;
				GCC_OPTIMIZATION_LEVEL = 0;
				GCC_PREPROCESSOR_DEFINITIONS = (
					"DEBUG=1",
					"$(inherited)",
				);
				GCC_WARN_64_TO_32_BIT_CONVERSION = YES;
				GCC_WARN_ABOUT_RETURN_TYPE = YES_ERROR;
				GCC_WARN_UNDECLARED_SELECTOR = YES;
				GCC_WARN_UNINITIALIZED_AUTOS = YES_AGGRESSIVE;
				GCC_WARN_UNUSED_FUNCTION = YES;
				GCC_WARN_UNUSED_VARIABLE = YES;
				IPHONEOS_DEPLOYMENT_TARGET = 11.4;
				MTL_ENABLE_DEBUG_INFO = YES;
				ONLY_ACTIVE_ARCH = YES;
				SDKROOT = iphoneos;
				SWIFT_ACTIVE_COMPILATION_CONDITIONS = DEBUG;
				SWIFT_OPTIMIZATION_LEVEL = "-Onone";
			};
			name = Debug;
		};
		9D19381B2106899C007EE5EC /* Release */ = {
			isa = XCBuildConfiguration;
			buildSettings = {
				ALWAYS_SEARCH_USER_PATHS = NO;
				CLANG_ANALYZER_NONNULL = YES;
				CLANG_ANALYZER_NUMBER_OBJECT_CONVERSION = YES_AGGRESSIVE;
				CLANG_CXX_LANGUAGE_STANDARD = "gnu++14";
				CLANG_CXX_LIBRARY = "libc++";
				CLANG_ENABLE_MODULES = YES;
				CLANG_ENABLE_OBJC_ARC = YES;
				CLANG_ENABLE_OBJC_WEAK = YES;
				CLANG_WARN_BLOCK_CAPTURE_AUTORELEASING = YES;
				CLANG_WARN_BOOL_CONVERSION = YES;
				CLANG_WARN_COMMA = YES;
				CLANG_WARN_CONSTANT_CONVERSION = YES;
				CLANG_WARN_DEPRECATED_OBJC_IMPLEMENTATIONS = YES;
				CLANG_WARN_DIRECT_OBJC_ISA_USAGE = YES_ERROR;
				CLANG_WARN_DOCUMENTATION_COMMENTS = YES;
				CLANG_WARN_EMPTY_BODY = YES;
				CLANG_WARN_ENUM_CONVERSION = YES;
				CLANG_WARN_INFINITE_RECURSION = YES;
				CLANG_WARN_INT_CONVERSION = YES;
				CLANG_WARN_NON_LITERAL_NULL_CONVERSION = YES;
				CLANG_WARN_OBJC_IMPLICIT_RETAIN_SELF = YES;
				CLANG_WARN_OBJC_LITERAL_CONVERSION = YES;
				CLANG_WARN_OBJC_ROOT_CLASS = YES_ERROR;
				CLANG_WARN_RANGE_LOOP_ANALYSIS = YES;
				CLANG_WARN_STRICT_PROTOTYPES = YES;
				CLANG_WARN_SUSPICIOUS_MOVE = YES;
				CLANG_WARN_UNGUARDED_AVAILABILITY = YES_AGGRESSIVE;
				CLANG_WARN_UNREACHABLE_CODE = YES;
				CLANG_WARN__DUPLICATE_METHOD_MATCH = YES;
				CODE_SIGN_IDENTITY = "iPhone Developer";
				COPY_PHASE_STRIP = NO;
				DEBUG_INFORMATION_FORMAT = "dwarf-with-dsym";
				ENABLE_NS_ASSERTIONS = NO;
				ENABLE_STRICT_OBJC_MSGSEND = YES;
				GCC_C_LANGUAGE_STANDARD = gnu11;
				GCC_NO_COMMON_BLOCKS = YES;
				GCC_WARN_64_TO_32_BIT_CONVERSION = YES;
				GCC_WARN_ABOUT_RETURN_TYPE = YES_ERROR;
				GCC_WARN_UNDECLARED_SELECTOR = YES;
				GCC_WARN_UNINITIALIZED_AUTOS = YES_AGGRESSIVE;
				GCC_WARN_UNUSED_FUNCTION = YES;
				GCC_WARN_UNUSED_VARIABLE = YES;
				IPHONEOS_DEPLOYMENT_TARGET = 11.4;
				MTL_ENABLE_DEBUG_INFO = NO;
				SDKROOT = iphoneos;
				SWIFT_COMPILATION_MODE = wholemodule;
				SWIFT_OPTIMIZATION_LEVEL = "-O";
				VALIDATE_PRODUCT = YES;
			};
			name = Release;
		};
		9D19381D2106899C007EE5EC /* Debug */ = {
			isa = XCBuildConfiguration;
			buildSettings = {
				ASSETCATALOG_COMPILER_APPICON_NAME = AppIcon;
				CODE_SIGN_STYLE = Automatic;
				DEVELOPMENT_TEAM = P32V53W8H7;
				INFOPLIST_FILE = Crush/Info.plist;
				LD_RUNPATH_SEARCH_PATHS = (
					"$(inherited)",
					"@executable_path/Frameworks",
				);
				PRODUCT_BUNDLE_IDENTIFIER = com.ruhsane.Crush;
				PRODUCT_NAME = "$(TARGET_NAME)";
				SWIFT_VERSION = 4.0;
				TARGETED_DEVICE_FAMILY = "1,2";
			};
			name = Debug;
		};
		9D19381E2106899C007EE5EC /* Release */ = {
			isa = XCBuildConfiguration;
			buildSettings = {
				ASSETCATALOG_COMPILER_APPICON_NAME = AppIcon;
				CODE_SIGN_STYLE = Automatic;
				DEVELOPMENT_TEAM = P32V53W8H7;
				INFOPLIST_FILE = Crush/Info.plist;
				LD_RUNPATH_SEARCH_PATHS = (
					"$(inherited)",
					"@executable_path/Frameworks",
				);
				PRODUCT_BUNDLE_IDENTIFIER = com.ruhsane.Crush;
				PRODUCT_NAME = "$(TARGET_NAME)";
				SWIFT_VERSION = 4.0;
				TARGETED_DEVICE_FAMILY = "1,2";
			};
			name = Release;
		};
		9D1938202106899C007EE5EC /* Debug */ = {
			isa = XCBuildConfiguration;
			buildSettings = {
				ALWAYS_EMBED_SWIFT_STANDARD_LIBRARIES = YES;
				BUNDLE_LOADER = "$(TEST_HOST)";
				CODE_SIGN_STYLE = Automatic;
				DEVELOPMENT_TEAM = P32V53W8H7;
				INFOPLIST_FILE = CrushTests/Info.plist;
				LD_RUNPATH_SEARCH_PATHS = (
					"$(inherited)",
					"@executable_path/Frameworks",
					"@loader_path/Frameworks",
				);
				PRODUCT_BUNDLE_IDENTIFIER = com.ruhsane.CrushTests;
				PRODUCT_NAME = "$(TARGET_NAME)";
				SWIFT_VERSION = 4.0;
				TARGETED_DEVICE_FAMILY = "1,2";
				TEST_HOST = "$(BUILT_PRODUCTS_DIR)/Crush.app/Crush";
			};
			name = Debug;
		};
		9D1938212106899C007EE5EC /* Release */ = {
			isa = XCBuildConfiguration;
			buildSettings = {
				ALWAYS_EMBED_SWIFT_STANDARD_LIBRARIES = YES;
				BUNDLE_LOADER = "$(TEST_HOST)";
				CODE_SIGN_STYLE = Automatic;
				DEVELOPMENT_TEAM = P32V53W8H7;
				INFOPLIST_FILE = CrushTests/Info.plist;
				LD_RUNPATH_SEARCH_PATHS = (
					"$(inherited)",
					"@executable_path/Frameworks",
					"@loader_path/Frameworks",
				);
				PRODUCT_BUNDLE_IDENTIFIER = com.ruhsane.CrushTests;
				PRODUCT_NAME = "$(TARGET_NAME)";
				SWIFT_VERSION = 4.0;
				TARGETED_DEVICE_FAMILY = "1,2";
				TEST_HOST = "$(BUILT_PRODUCTS_DIR)/Crush.app/Crush";
			};
			name = Release;
		};
		9D1938232106899C007EE5EC /* Debug */ = {
			isa = XCBuildConfiguration;
			buildSettings = {
				ALWAYS_EMBED_SWIFT_STANDARD_LIBRARIES = YES;
				CODE_SIGN_STYLE = Automatic;
				DEVELOPMENT_TEAM = P32V53W8H7;
				INFOPLIST_FILE = CrushUITests/Info.plist;
				LD_RUNPATH_SEARCH_PATHS = (
					"$(inherited)",
					"@executable_path/Frameworks",
					"@loader_path/Frameworks",
				);
				PRODUCT_BUNDLE_IDENTIFIER = com.ruhsane.CrushUITests;
				PRODUCT_NAME = "$(TARGET_NAME)";
				SWIFT_VERSION = 4.0;
				TARGETED_DEVICE_FAMILY = "1,2";
				TEST_TARGET_NAME = Crush;
			};
			name = Debug;
		};
		9D1938242106899C007EE5EC /* Release */ = {
			isa = XCBuildConfiguration;
			buildSettings = {
				ALWAYS_EMBED_SWIFT_STANDARD_LIBRARIES = YES;
				CODE_SIGN_STYLE = Automatic;
				DEVELOPMENT_TEAM = P32V53W8H7;
				INFOPLIST_FILE = CrushUITests/Info.plist;
				LD_RUNPATH_SEARCH_PATHS = (
					"$(inherited)",
					"@executable_path/Frameworks",
					"@loader_path/Frameworks",
				);
				PRODUCT_BUNDLE_IDENTIFIER = com.ruhsane.CrushUITests;
				PRODUCT_NAME = "$(TARGET_NAME)";
				SWIFT_VERSION = 4.0;
				TARGETED_DEVICE_FAMILY = "1,2";
				TEST_TARGET_NAME = Crush;
			};
			name = Release;
		};
/* End XCBuildConfiguration section */

/* Begin XCConfigurationList section */
		9D1937EF2106899A007EE5EC /* Build configuration list for PBXProject "Crush" */ = {
			isa = XCConfigurationList;
			buildConfigurations = (
				9D19381A2106899C007EE5EC /* Debug */,
				9D19381B2106899C007EE5EC /* Release */,
			);
			defaultConfigurationIsVisible = 0;
			defaultConfigurationName = Release;
		};
		9D19381C2106899C007EE5EC /* Build configuration list for PBXNativeTarget "Crush" */ = {
			isa = XCConfigurationList;
			buildConfigurations = (
				9D19381D2106899C007EE5EC /* Debug */,
				9D19381E2106899C007EE5EC /* Release */,
			);
			defaultConfigurationIsVisible = 0;
			defaultConfigurationName = Release;
		};
		9D19381F2106899C007EE5EC /* Build configuration list for PBXNativeTarget "CrushTests" */ = {
			isa = XCConfigurationList;
			buildConfigurations = (
				9D1938202106899C007EE5EC /* Debug */,
				9D1938212106899C007EE5EC /* Release */,
			);
			defaultConfigurationIsVisible = 0;
			defaultConfigurationName = Release;
		};
		9D1938222106899C007EE5EC /* Build configuration list for PBXNativeTarget "CrushUITests" */ = {
			isa = XCConfigurationList;
			buildConfigurations = (
				9D1938232106899C007EE5EC /* Debug */,
				9D1938242106899C007EE5EC /* Release */,
			);
			defaultConfigurationIsVisible = 0;
			defaultConfigurationName = Release;
		};
/* End XCConfigurationList section */
	};
	rootObject = 9D1937EC2106899A007EE5EC /* Project object */;
}
